
Microsoft Visual Studio Solution File, Format Version 12.00
# Visual Studio 15
VisualStudioVersion = 15.0.26124.0
MinimumVisualStudioVersion = 15.0.26124.0
Project("{2150E333-8FDC-42A3-9474-1A3956D46DE8}") = "src", "src", "{ED2B1AE3-2A2F-4E9F-A02C-495D1713BE8A}"
EndProject
Project("{FAE04EC0-301F-11D3-BF4B-00C04F79EFBC}") = "NHLDotNet", "src\NHLDotNet\NHLDotNet.csproj", "{A199C25E-35FA-4073-A028-AE5AE8735302}"
EndProject
Project("{2150E333-8FDC-42A3-9474-1A3956D46DE8}") = "tests", "tests", "{6D023B89-DA1B-42E0-8E11-A56542FA983C}"
EndProject
Project("{FAE04EC0-301F-11D3-BF4B-00C04F79EFBC}") = "NHLDotNet.Test", "tests\NHLDotNet.Test\NHLDotNet.Test.csproj", "{B5D5E6D1-EF6F-4AEC-A299-384ADDE22021}"
EndProject
Global
	GlobalSection(SolutionProperties) = preSolution
		HideSolutionNode = FALSE
	EndGlobalSection
	GlobalSection(SolutionConfigurationPlatforms) = preSolution
		Debug|Any CPU = Debug|Any CPU
		Debug|x64 = Debug|x64
		Debug|x86 = Debug|x86
		Release|Any CPU = Release|Any CPU
		Release|x64 = Release|x64
		Release|x86 = Release|x86
	EndGlobalSection
	GlobalSection(ProjectConfigurationPlatforms) = postSolution
		{A199C25E-35FA-4073-A028-AE5AE8735302}.Debug|Any CPU.ActiveCfg = Debug|Any CPU
		{A199C25E-35FA-4073-A028-AE5AE8735302}.Debug|Any CPU.Build.0 = Debug|Any CPU
		{A199C25E-35FA-4073-A028-AE5AE8735302}.Debug|x64.ActiveCfg = Debug|x64
		{A199C25E-35FA-4073-A028-AE5AE8735302}.Debug|x64.Build.0 = Debug|x64
		{A199C25E-35FA-4073-A028-AE5AE8735302}.Debug|x86.ActiveCfg = Debug|x86
		{A199C25E-35FA-4073-A028-AE5AE8735302}.Debug|x86.Build.0 = Debug|x86
		{A199C25E-35FA-4073-A028-AE5AE8735302}.Release|Any CPU.ActiveCfg = Release|Any CPU
		{A199C25E-35FA-4073-A028-AE5AE8735302}.Release|Any CPU.Build.0 = Release|Any CPU
		{A199C25E-35FA-4073-A028-AE5AE8735302}.Release|x64.ActiveCfg = Release|x64
		{A199C25E-35FA-4073-A028-AE5AE8735302}.Release|x64.Build.0 = Release|x64
		{A199C25E-35FA-4073-A028-AE5AE8735302}.Release|x86.ActiveCfg = Release|x86
		{A199C25E-35FA-4073-A028-AE5AE8735302}.Release|x86.Build.0 = Release|x86
		{B5D5E6D1-EF6F-4AEC-A299-384ADDE22021}.Debug|Any CPU.ActiveCfg = Debug|Any CPU
		{B5D5E6D1-EF6F-4AEC-A299-384ADDE22021}.Debug|Any CPU.Build.0 = Debug|Any CPU
		{B5D5E6D1-EF6F-4AEC-A299-384ADDE22021}.Debug|x64.ActiveCfg = Debug|x64
		{B5D5E6D1-EF6F-4AEC-A299-384ADDE22021}.Debug|x64.Build.0 = Debug|x64
		{B5D5E6D1-EF6F-4AEC-A299-384ADDE22021}.Debug|x86.ActiveCfg = Debug|x86
		{B5D5E6D1-EF6F-4AEC-A299-384ADDE22021}.Debug|x86.Build.0 = Debug|x86
		{B5D5E6D1-EF6F-4AEC-A299-384ADDE22021}.Release|Any CPU.ActiveCfg = Release|Any CPU
		{B5D5E6D1-EF6F-4AEC-A299-384ADDE22021}.Release|Any CPU.Build.0 = Release|Any CPU
		{B5D5E6D1-EF6F-4AEC-A299-384ADDE22021}.Release|x64.ActiveCfg = Release|x64
		{B5D5E6D1-EF6F-4AEC-A299-384ADDE22021}.Release|x64.Build.0 = Release|x64
		{B5D5E6D1-EF6F-4AEC-A299-384ADDE22021}.Release|x86.ActiveCfg = Release|x86
		{B5D5E6D1-EF6F-4AEC-A299-384ADDE22021}.Release|x86.Build.0 = Release|x86
	EndGlobalSection
	GlobalSection(NestedProjects) = preSolution
		{A199C25E-35FA-4073-A028-AE5AE8735302} = {ED2B1AE3-2A2F-4E9F-A02C-495D1713BE8A}
		{B5D5E6D1-EF6F-4AEC-A299-384ADDE22021} = {6D023B89-DA1B-42E0-8E11-A56542FA983C}
	EndGlobalSection
EndGlobal
